
Microsoft Visual Studio Solution File, Format Version 12.00
# Visual Studio Version 16
VisualStudioVersion = 16.0.29418.71
MinimumVisualStudioVersion = 10.0.40219.1
Project("{FAE04EC0-301F-11D3-BF4B-00C04F79EFBC}") = "HostsEditor", "HostsEditor.csproj", "{53B832FF-02FB-4C64-8C89-EAC546950269}"
EndProject
Global
	GlobalSection(SolutionConfigurationPlatforms) = preSolution
		Debug|Any CPU = Debug|Any CPU
		Release|Any CPU = Release|Any CPU
	EndGlobalSection
	GlobalSection(ProjectConfigurationPlatforms) = postSolution
		{53B832FF-02FB-4C64-8C89-EAC546950269}.Debug|Any CPU.ActiveCfg = Debug|Any CPU
		{53B832FF-02FB-4C64-8C89-EAC546950269}.Debug|Any CPU.Build.0 = Debug|Any CPU
		{53B832FF-02FB-4C64-8C89-EAC546950269}.Release|Any CPU.ActiveCfg = Release|Any CPU
		{53B832FF-02FB-4C64-8C89-EAC546950269}.Release|Any CPU.Build.0 = Release|Any CPU
	EndGlobalSection
	GlobalSection(SolutionProperties) = preSolution
		HideSolutionNode = FALSE
	EndGlobalSection
	GlobalSection(ExtensibilityGlobals) = postSolution
		SolutionGuid = {5A21FAA4-C8D0-4FAF-B3CD-7D3229DAD055}
	EndGlobalSection
EndGlobal
